dependencies:
  espressif/network_provisioning:
    component_hash: 4cb4fd7800872084a815323e98b68a46452bc1ca1fceae13e1e4eae083559b67
    source:
      service_url: https://api.components.espressif.com/
      type: service
    version: 0.1.0
  idf:
    component_hash: null
    source:
      type: idf
    version: 5.2.1
manifest_hash: 149f707b7aa0dd7b86fa17fc6c8ba1f6f1362ef9153fb54bd413acdd5eecf5a1
target: esp32
version: 1.0.0
